
Microsoft Visual Studio Solution File, Format Version 12.00
# Visual Studio Version 16
VisualStudioVersion = 16.0.31129.286
MinimumVisualStudioVersion = 10.0.40219.1
Project("{FAE04EC0-301F-11D3-BF4B-00C04F79EFBC}") = "TestProject1", "TestProject1.csproj", "{0613D9DE-A06F-4573-8121-623EE79ED1EA}"
EndProject
Project("{FAE04EC0-301F-11D3-BF4B-00C04F79EFBC}") = "TestProject2", "..\TestProject2\TestProject2.csproj", "{A518824C-9420-4712-86DC-A01439DEEDFF}"
EndProject
Global
	GlobalSection(SolutionConfigurationPlatforms) = preSolution
		Debug|Any CPU = Debug|Any CPU
		Release|Any CPU = Release|Any CPU
	EndGlobalSection
	GlobalSection(ProjectConfigurationPlatforms) = postSolution
		{0613D9DE-A06F-4573-8121-623EE79ED1EA}.Debug|Any CPU.ActiveCfg = Debug|Any CPU
		{0613D9DE-A06F-4573-8121-623EE79ED1EA}.Debug|Any CPU.Build.0 = Debug|Any CPU
		{0613D9DE-A06F-4573-8121-623EE79ED1EA}.Release|Any CPU.ActiveCfg = Release|Any CPU
		{0613D9DE-A06F-4573-8121-623EE79ED1EA}.Release|Any CPU.Build.0 = Release|Any CPU
		{A518824C-9420-4712-86DC-A01439DEEDFF}.Debug|Any CPU.ActiveCfg = Debug|Any CPU
		{A518824C-9420-4712-86DC-A01439DEEDFF}.Debug|Any CPU.Build.0 = Debug|Any CPU
		{A518824C-9420-4712-86DC-A01439DEEDFF}.Release|Any CPU.ActiveCfg = Release|Any CPU
		{A518824C-9420-4712-86DC-A01439DEEDFF}.Release|Any CPU.Build.0 = Release|Any CPU
	EndGlobalSection
	GlobalSection(SolutionProperties) = preSolution
		HideSolutionNode = FALSE
	EndGlobalSection
	GlobalSection(ExtensibilityGlobals) = postSolution
		SolutionGuid = {7E0A9582-C25C-4F0E-9EE0-AAF3CF642E12}
	EndGlobalSection
EndGlobal
